{
  "name": "@vincent~/my-test-package",
  "version": "1.0.1",
  "lockfileVersion": 2,
  "requires": true,
  "packages": {
    "": {
      "name": "@vincent~/my-test-package",
      "version": "1.0.1",
      "license": "MIT",
      "dependencies": {
        "@vincent~/my-test-package": "^1.0.0",
        "my-test-package": "^1.0.0"
      }
    },
    "node_modules/@vincent~/my-test-package": {
      "version": "1.0.0",
      "resolved": "https://registry.npmjs.org/@vincent~/my-test-package/-/my-test-package-1.0.0.tgz",
      "integrity": "sha512-nLaCtzDdqXCTasoCJJxp54wBSh9LbwzfG0/y4hORYv+s70sf5tu/rpVVQO72mq2LrfgKC07zu55aVSZvD3VkIA=="
    },
    "node_modules/my-test-package": {
      "version": "1.0.0",
      "resolved": "https://registry.npmjs.org/my-test-package/-/my-test-package-1.0.0.tgz",
      "integrity": "sha1-Lrm01eJ9b/AuTFstFaMB3uLPK+c="
    }
  },
  "dependencies": {
    "@vincent~/my-test-package": {
      "version": "1.0.0",
      "resolved": "https://registry.npmjs.org/@vincent~/my-test-package/-/my-test-package-1.0.0.tgz",
      "integrity": "sha512-nLaCtzDdqXCTasoCJJxp54wBSh9LbwzfG0/y4hORYv+s70sf5tu/rpVVQO72mq2LrfgKC07zu55aVSZvD3VkIA=="
    },
    "my-test-package": {
      "version": "1.0.0",
      "resolved": "https://registry.npmjs.org/my-test-package/-/my-test-package-1.0.0.tgz",
      "integrity": "sha1-Lrm01eJ9b/AuTFstFaMB3uLPK+c="
    }
  }
}
